<?xml version="1.0" encoding="UTF-8"?>
<Scheme xmlns="http://developer.apple.com/xcuitest">
    <BuildAction>
        <BuildActionEntries>
            <BuildActionEntry>
                <BuildableReference>
                    <BlueprintIdentifier>YOUR_BLUEPRINT_ID</BlueprintIdentifier>
                    <BuildableName>AutoDevApp.app</BuildableName>
                    <BlueprintName>AutoDevApp</BlueprintName>
                </BuildableReference>
            </BuildActionEntry>
        </BuildActionEntries>
    </BuildAction>
    <TestAction>
        <TestActionEntries>
            <TestActionEntry>
                <BuildableReference>
                    <BlueprintIdentifier>YOUR_BLUEPRINT_ID</BlueprintIdentifier>
                    <BuildableName>AutoDevApp.app</BuildableName>
                    <BlueprintName>AutoDevApp</BlueprintName>
                </BuildableReference>
            </TestActionEntry>
        </TestActionEntries>
    </TestAction>
</Scheme>