<?xml version="1.0" encoding="UTF-8"?>
<Scheme xmlns="http://developer.apple.com/xcuserdata/">
    <BuildAction>
        <BuildActionEntries>
            <BuildActionEntry>
                <BuildableReference>
                    <BlueprintIdentifier>AutoDevApp</BlueprintIdentifier>
                    <BuildableName>AutoDevApp.app</BuildableName>
                    <BlueprintName>AutoDevApp</BlueprintName>
                    <ReferencedContainer>container:AutoDevApp.xcodeproj</ReferencedContainer>
                </BuildableReference>
            </BuildActionEntry>
        </BuildActionEntries>
    </BuildAction>
    <TestAction>
        <TestActionEntries>
            <TestActionEntry>
                <BuildableReference>
                    <BlueprintIdentifier>AutoDevApp</BlueprintIdentifier>
                    <BuildableName>AutoDevApp.app</BuildableName>
                    <BlueprintName>AutoDevApp</BlueprintName>
                    <ReferencedContainer>container:AutoDevApp.xcodeproj</ReferencedContainer>
                </BuildableReference>
            </TestActionEntry>
        </TestActionEntries>
    </TestAction>
    <LaunchAction>
        <LaunchActionEntries>
            <LaunchActionEntry>
                <BuildableReference>
                    <BlueprintIdentifier>AutoDevApp</BlueprintIdentifier>
                    <BuildableName>AutoDevApp.app</BuildableName>
                    <BlueprintName>AutoDevApp</BlueprintName>
                    <ReferencedContainer>container:AutoDevApp.xcodeproj</ReferencedContainer>
                </BuildableReference>
            </LaunchActionEntry>
        </LaunchActionEntries>
    </LaunchAction>
</Scheme>